// !$*UTF8*$!
{
	archiveVersion = 1;
	classes = {
	};
	objectVersion = 50;
	objects = {

/* Begin PBXBuildFile section */
		8E17FC6E2434747B0014F0EA /* ReportMainViewController.m in Sources */ = {isa = PBXBuildFile; fileRef = 8E17FC6D2434747B0014F0EA /* ReportMainViewController.m */; };
		8E17FC722434806A0014F0EA /* MainReportContainerViewController.m in Sources */ = {isa = PBXBuildFile; fileRef = 8E17FC712434806A0014F0EA /* MainReportContainerViewController.m */; };
		8E2D0D99243B049B00ECA9A9 /* MainReportTreeListViewController.m in Sources */ = {isa = PBXBuildFile; fileRef = 8E2D0D98243B049B00ECA9A9 /* MainReportTreeListViewController.m */; };
		8E2D0D9E243B171B00ECA9A9 /* FolderViewCell.m in Sources */ = {isa = PBXBuildFile; fileRef = 8E2D0D9D243B171B00ECA9A9 /* FolderViewCell.m */; };
		8E2D0DA2243B32DE00ECA9A9 /* ItemTreeViewCell.m in Sources */ = {isa = PBXBuildFile; fileRef = 8E2D0DA1243B32DE00ECA9A9 /* ItemTreeViewCell.m */; };
		8E2FB1152431A61C0094C04B /* AppDelegate.m in Sources */ = {isa = PBXBuildFile; fileRef = 8E2FB1142431A61C0094C04B /* AppDelegate.m */; };
		8E2FB11B2431A61C0094C04B /* Main.storyboard in Resources */ = {isa = PBXBuildFile; fileRef = 8E2FB1192431A61C0094C04B /* Main.storyboard */; };
		8E2FB11D2431A61D0094C04B /* Assets.xcassets in Resources */ = {isa = PBXBuildFile; fileRef = 8E2FB11C2431A61D0094C04B /* Assets.xcassets */; };
		8E2FB1202431A61D0094C04B /* LaunchScreen.storyboard in Resources */ = {isa = PBXBuildFile; fileRef = 8E2FB11E2431A61D0094C04B /* LaunchScreen.storyboard */; };
		8E2FB1232431A61D0094C04B /* main.m in Sources */ = {isa = PBXBuildFile; fileRef = 8E2FB1222431A61D0094C04B /* main.m */; };
		8E3132042437310200E76C0F /* EmptySegue.m in Sources */ = {isa = PBXBuildFile; fileRef = 8E3132032437310200E76C0F /* EmptySegue.m */; };
		8E313207243AEDE500E76C0F /* MainReportsGridViewController.m in Sources */ = {isa = PBXBuildFile; fileRef = 8E313206243AEDE500E76C0F /* MainReportsGridViewController.m */; };
		8ED62CD92431D0140089B279 /* MainViewController.m in Sources */ = {isa = PBXBuildFile; fileRef = 8ED62CD82431D0140089B279 /* MainViewController.m */; };
		8ED62CDC2431D34F0089B279 /* MainContainerViewController.m in Sources */ = {isa = PBXBuildFile; fileRef = 8ED62CDB2431D34F0089B279 /* MainContainerViewController.m */; };
		8ED62CE02431D3CB0089B279 /* LoginViewController.m in Sources */ = {isa = PBXBuildFile; fileRef = 8ED62CDF2431D3CB0089B279 /* LoginViewController.m */; };
		8ED62CE32431E3390089B279 /* BaseViewController.m in Sources */ = {isa = PBXBuildFile; fileRef = 8ED62CE22431E3390089B279 /* BaseViewController.m */; };
		8ED62CE62431E3AF0089B279 /* ContainerBaseViewController.m in Sources */ = {isa = PBXBuildFile; fileRef = 8ED62CE52431E3AF0089B279 /* ContainerBaseViewController.m */; };
		8ED62CEB24333B590089B279 /* User.m in Sources */ = {isa = PBXBuildFile; fileRef = 8ED62CEA24333B590089B279 /* User.m */; };
/* End PBXBuildFile section */

/* Begin PBXFileReference section */
		8E17FC6C2434745E0014F0EA /* ReportMainViewController.h */ = {isa = PBXFileReference; lastKnownFileType = sourcecode.c.h; path = ReportMainViewController.h; sourceTree = "<group>"; };
		8E17FC6D2434747B0014F0EA /* ReportMainViewController.m */ = {isa = PBXFileReference; lastKnownFileType = sourcecode.c.objc; path = ReportMainViewController.m; sourceTree = "<group>"; };
		8E17FC702434804C0014F0EA /* MainReportContainerViewController.h */ = {isa = PBXFileReference; lastKnownFileType = sourcecode.c.h; path = MainReportContainerViewController.h; sourceTree = "<group>"; };
		8E17FC712434806A0014F0EA /* MainReportContainerViewController.m */ = {isa = PBXFileReference; lastKnownFileType = sourcecode.c.objc; path = MainReportContainerViewController.m; sourceTree = "<group>"; };
		8E2D0D97243B044600ECA9A9 /* MainReportTreeListViewController.h */ = {isa = PBXFileReference; lastKnownFileType = sourcecode.c.h; path = MainReportTreeListViewController.h; sourceTree = "<group>"; };
		8E2D0D98243B049B00ECA9A9 /* MainReportTreeListViewController.m */ = {isa = PBXFileReference; lastKnownFileType = sourcecode.c.objc; path = MainReportTreeListViewController.m; sourceTree = "<group>"; };
		8E2D0D9C243B170B00ECA9A9 /* FolderViewCell.h */ = {isa = PBXFileReference; lastKnownFileType = sourcecode.c.h; path = FolderViewCell.h; sourceTree = "<group>"; };
		8E2D0D9D243B171B00ECA9A9 /* FolderViewCell.m */ = {isa = PBXFileReference; lastKnownFileType = sourcecode.c.objc; path = FolderViewCell.m; sourceTree = "<group>"; };
		8E2D0DA0243B32CD00ECA9A9 /* ItemTreeViewCell.h */ = {isa = PBXFileReference; lastKnownFileType = sourcecode.c.h; path = ItemTreeViewCell.h; sourceTree = "<group>"; };
		8E2D0DA1243B32DE00ECA9A9 /* ItemTreeViewCell.m */ = {isa = PBXFileReference; lastKnownFileType = sourcecode.c.objc; path = ItemTreeViewCell.m; sourceTree = "<group>"; };
		8E2FB1102431A61C0094C04B /* ReportProject.app */ = {isa = PBXFileReference; explicitFileType = wrapper.application; includeInIndex = 0; path = ReportProject.app; sourceTree = BUILT_PRODUCTS_DIR; };
		8E2FB1132431A61C0094C04B /* AppDelegate.h */ = {isa = PBXFileReference; lastKnownFileType = sourcecode.c.h; path = AppDelegate.h; sourceTree = "<group>"; };
		8E2FB1142431A61C0094C04B /* AppDelegate.m */ = {isa = PBXFileReference; lastKnownFileType = sourcecode.c.objc; path = AppDelegate.m; sourceTree = "<group>"; };
		8E2FB11A2431A61C0094C04B /* Base */ = {isa = PBXFileReference; lastKnownFileType = file.storyboard; name = Base; path = Base.lproj/Main.storyboard; sourceTree = "<group>"; };
		8E2FB11C2431A61D0094C04B /* Assets.xcassets */ = {isa = PBXFileReference; lastKnownFileType = folder.assetcatalog; path = Assets.xcassets; sourceTree = "<group>"; };
		8E2FB11F2431A61D0094C04B /* Base */ = {isa = PBXFileReference; lastKnownFileType = file.storyboard; name = Base; path = Base.lproj/LaunchScreen.storyboard; sourceTree = "<group>"; };
		8E2FB1212431A61D0094C04B /* Info.plist */ = {isa = PBXFileReference; lastKnownFileType = text.plist.xml; path = Info.plist; sourceTree = "<group>"; };
		8E2FB1222431A61D0094C04B /* main.m */ = {isa = PBXFileReference; lastKnownFileType = sourcecode.c.objc; path = main.m; sourceTree = "<group>"; };
		8E313202243730EE00E76C0F /* EmptySegue.h */ = {isa = PBXFileReference; lastKnownFileType = sourcecode.c.h; path = EmptySegue.h; sourceTree = "<group>"; };
		8E3132032437310200E76C0F /* EmptySegue.m */ = {isa = PBXFileReference; lastKnownFileType = sourcecode.c.objc; path = EmptySegue.m; sourceTree = "<group>"; };
		8E313205243AEDC400E76C0F /* MainReportsGridViewController.h */ = {isa = PBXFileReference; lastKnownFileType = sourcecode.c.h; path = MainReportsGridViewController.h; sourceTree = "<group>"; };
		8E313206243AEDE500E76C0F /* MainReportsGridViewController.m */ = {isa = PBXFileReference; lastKnownFileType = sourcecode.c.objc; path = MainReportsGridViewController.m; sourceTree = "<group>"; };
		8ED62CD72431CFF30089B279 /* MainViewController.h */ = {isa = PBXFileReference; lastKnownFileType = sourcecode.c.h; path = MainViewController.h; sourceTree = "<group>"; };
		8ED62CD82431D0140089B279 /* MainViewController.m */ = {isa = PBXFileReference; lastKnownFileType = sourcecode.c.objc; path = MainViewController.m; sourceTree = "<group>"; };
		8ED62CDB2431D34F0089B279 /* MainContainerViewController.m */ = {isa = PBXFileReference; lastKnownFileType = sourcecode.c.objc; path = MainContainerViewController.m; sourceTree = "<group>"; };
		8ED62CDD2431D3780089B279 /* MainContainerViewController.h */ = {isa = PBXFileReference; lastKnownFileType = sourcecode.c.h; path = MainContainerViewController.h; sourceTree = "<group>"; };
		8ED62CDE2431D3B90089B279 /* LoginViewController.h */ = {isa = PBXFileReference; lastKnownFileType = sourcecode.c.h; path = LoginViewController.h; sourceTree = "<group>"; };
		8ED62CDF2431D3CB0089B279 /* LoginViewController.m */ = {isa = PBXFileReference; lastKnownFileType = sourcecode.c.objc; path = LoginViewController.m; sourceTree = "<group>"; };
		8ED62CE12431E3240089B279 /* BaseViewController.h */ = {isa = PBXFileReference; lastKnownFileType = sourcecode.c.h; path = BaseViewController.h; sourceTree = "<group>"; };
		8ED62CE22431E3390089B279 /* BaseViewController.m */ = {isa = PBXFileReference; lastKnownFileType = sourcecode.c.objc; path = BaseViewController.m; sourceTree = "<group>"; };
		8ED62CE42431E3930089B279 /* ContainerBaseViewController.h */ = {isa = PBXFileReference; lastKnownFileType = sourcecode.c.h; path = ContainerBaseViewController.h; sourceTree = "<group>"; };
		8ED62CE52431E3AF0089B279 /* ContainerBaseViewController.m */ = {isa = PBXFileReference; lastKnownFileType = sourcecode.c.objc; path = ContainerBaseViewController.m; sourceTree = "<group>"; };
		8ED62CE924333B3C0089B279 /* User.h */ = {isa = PBXFileReference; lastKnownFileType = sourcecode.c.h; path = User.h; sourceTree = "<group>"; };
		8ED62CEA24333B590089B279 /* User.m */ = {isa = PBXFileReference; lastKnownFileType = sourcecode.c.objc; path = User.m; sourceTree = "<group>"; };
/* End PBXFileReference section */

/* Begin PBXFrameworksBuildPhase section */
		8E2FB10D2431A61C0094C04B /* Frameworks */ = {
			isa = PBXFrameworksBuildPhase;
			buildActionMask = 2147483647;
			files = (
			);
			runOnlyForDeploymentPostprocessing = 0;
		};
/* End PBXFrameworksBuildPhase section */

/* Begin PBXGroup section */
		8E17FC6F243480250014F0EA /* MainReports */ = {
			isa = PBXGroup;
			children = (
				8E17FC702434804C0014F0EA /* MainReportContainerViewController.h */,
				8E17FC712434806A0014F0EA /* MainReportContainerViewController.m */,
				8E313205243AEDC400E76C0F /* MainReportsGridViewController.h */,
				8E313206243AEDE500E76C0F /* MainReportsGridViewController.m */,
				8E2D0D97243B044600ECA9A9 /* MainReportTreeListViewController.h */,
				8E2D0D98243B049B00ECA9A9 /* MainReportTreeListViewController.m */,
			);
			path = MainReports;
			sourceTree = "<group>";
		};
		8E2D0D9A243B158B00ECA9A9 /* Cells */ = {
			isa = PBXGroup;
			children = (
				8E2D0D9F243B32A200ECA9A9 /* ItemTreeViewCell */,
				8E2D0D9B243B159F00ECA9A9 /* FolderViewCell */,
			);
			path = Cells;
			sourceTree = "<group>";
		};
		8E2D0D9B243B159F00ECA9A9 /* FolderViewCell */ = {
			isa = PBXGroup;
			children = (
				8E2D0D9C243B170B00ECA9A9 /* FolderViewCell.h */,
				8E2D0D9D243B171B00ECA9A9 /* FolderViewCell.m */,
			);
			path = FolderViewCell;
			sourceTree = "<group>";
		};
		8E2D0D9F243B32A200ECA9A9 /* ItemTreeViewCell */ = {
			isa = PBXGroup;
			children = (
				8E2D0DA0243B32CD00ECA9A9 /* ItemTreeViewCell.h */,
				8E2D0DA1243B32DE00ECA9A9 /* ItemTreeViewCell.m */,
			);
			path = ItemTreeViewCell;
			sourceTree = "<group>";
		};
		8E2FB1072431A61C0094C04B = {
			isa = PBXGroup;
			children = (
				8E2FB1122431A61C0094C04B /* ReportProject */,
				8E2FB1112431A61C0094C04B /* Products */,
			);
			sourceTree = "<group>";
		};
		8E2FB1112431A61C0094C04B /* Products */ = {
			isa = PBXGroup;
			children = (
				8E2FB1102431A61C0094C04B /* ReportProject.app */,
			);
			name = Products;
			sourceTree = "<group>";
		};
		8E2FB1122431A61C0094C04B /* ReportProject */ = {
			isa = PBXGroup;
			children = (
				8ED62CE724333B020089B279 /* Models */,
				8ED62CDA2431D3110089B279 /* ViewControllers */,
				8E313200243730BC00E76C0F /* Views */,
				8E2FB1132431A61C0094C04B /* AppDelegate.h */,
				8E2FB1142431A61C0094C04B /* AppDelegate.m */,
				8E2FB1192431A61C0094C04B /* Main.storyboard */,
				8E2FB11C2431A61D0094C04B /* Assets.xcassets */,
				8E2FB11E2431A61D0094C04B /* LaunchScreen.storyboard */,
				8E2FB1212431A61D0094C04B /* Info.plist */,
				8E2FB1222431A61D0094C04B /* main.m */,
			);
			path = ReportProject;
			sourceTree = "<group>";
		};
		8E313200243730BC00E76C0F /* Views */ = {
			isa = PBXGroup;
			children = (
				8E2D0D9A243B158B00ECA9A9 /* Cells */,
				8E313201243730CA00E76C0F /* Segues */,
			);
			path = Views;
			sourceTree = "<group>";
		};
		8E313201243730CA00E76C0F /* Segues */ = {
			isa = PBXGroup;
			children = (
				8E313202243730EE00E76C0F /* EmptySegue.h */,
				8E3132032437310200E76C0F /* EmptySegue.m */,
			);
			path = Segues;
			sourceTree = "<group>";
		};
		8ED62CDA2431D3110089B279 /* ViewControllers */ = {
			isa = PBXGroup;
			children = (
				8E17FC6F243480250014F0EA /* MainReports */,
				8ED62CD72431CFF30089B279 /* MainViewController.h */,
				8ED62CD82431D0140089B279 /* MainViewController.m */,
				8ED62CDD2431D3780089B279 /* MainContainerViewController.h */,
				8ED62CDB2431D34F0089B279 /* MainContainerViewController.m */,
				8ED62CDE2431D3B90089B279 /* LoginViewController.h */,
				8ED62CDF2431D3CB0089B279 /* LoginViewController.m */,
				8ED62CE12431E3240089B279 /* BaseViewController.h */,
				8ED62CE22431E3390089B279 /* BaseViewController.m */,
				8ED62CE42431E3930089B279 /* ContainerBaseViewController.h */,
				8ED62CE52431E3AF0089B279 /* ContainerBaseViewController.m */,
				8E17FC6C2434745E0014F0EA /* ReportMainViewController.h */,
				8E17FC6D2434747B0014F0EA /* ReportMainViewController.m */,
			);
			path = ViewControllers;
			sourceTree = "<group>";
		};
		8ED62CE724333B020089B279 /* Models */ = {
			isa = PBXGroup;
			children = (
				8ED62CE824333B1C0089B279 /* User */,
			);
			path = Models;
			sourceTree = "<group>";
		};
		8ED62CE824333B1C0089B279 /* User */ = {
			isa = PBXGroup;
			children = (
				8ED62CE924333B3C0089B279 /* User.h */,
				8ED62CEA24333B590089B279 /* User.m */,
			);
			path = User;
			sourceTree = "<group>";
		};
/* End PBXGroup section */

/* Begin PBXNativeTarget section */
		8E2FB10F2431A61C0094C04B /* ReportProject */ = {
			isa = PBXNativeTarget;
			buildConfigurationList = 8E2FB1262431A61D0094C04B /* Build configuration list for PBXNativeTarget "ReportProject" */;
			buildPhases = (
				8E2FB10C2431A61C0094C04B /* Sources */,
				8E2FB10D2431A61C0094C04B /* Frameworks */,
				8E2FB10E2431A61C0094C04B /* Resources */,
			);
			buildRules = (
			);
			dependencies = (
			);
			name = ReportProject;
			productName = ReportProject;
			productReference = 8E2FB1102431A61C0094C04B /* ReportProject.app */;
			productType = "com.apple.product-type.application";
		};
/* End PBXNativeTarget section */

/* Begin PBXProject section */
		8E2FB1082431A61C0094C04B /* Project object */ = {
			isa = PBXProject;
			attributes = {
				LastUpgradeCheck = 1010;
				ORGANIZATIONNAME = Arthur;
				TargetAttributes = {
					8E2FB10F2431A61C0094C04B = {
						CreatedOnToolsVersion = 10.1;
					};
				};
			};
			buildConfigurationList = 8E2FB10B2431A61C0094C04B /* Build configuration list for PBXProject "ReportProject" */;
			compatibilityVersion = "Xcode 9.3";
			developmentRegion = en;
			hasScannedForEncodings = 0;
			knownRegions = (
				en,
				Base,
			);
			mainGroup = 8E2FB1072431A61C0094C04B;
			productRefGroup = 8E2FB1112431A61C0094C04B /* Products */;
			projectDirPath = "";
			projectRoot = "";
			targets = (
				8E2FB10F2431A61C0094C04B /* ReportProject */,
			);
		};
/* End PBXProject section */

/* Begin PBXResourcesBuildPhase section */
		8E2FB10E2431A61C0094C04B /* Resources */ = {
			isa = PBXResourcesBuildPhase;
			buildActionMask = 2147483647;
			files = (
				8E2FB1202431A61D0094C04B /* LaunchScreen.storyboard in Resources */,
				8E2FB11D2431A61D0094C04B /* Assets.xcassets in Resources */,
				8E2FB11B2431A61C0094C04B /* Main.storyboard in Resources */,
			);
			runOnlyForDeploymentPostprocessing = 0;
		};
/* End PBXResourcesBuildPhase section */

/* Begin PBXSourcesBuildPhase section */
		8E2FB10C2431A61C0094C04B /* Sources */ = {
			isa = PBXSourcesBuildPhase;
			buildActionMask = 2147483647;
			files = (
				8E2D0D9E243B171B00ECA9A9 /* FolderViewCell.m in Sources */,
				8ED62CEB24333B590089B279 /* User.m in Sources */,
				8E3132042437310200E76C0F /* EmptySegue.m in Sources */,
				8E2FB1232431A61D0094C04B /* main.m in Sources */,
				8ED62CE32431E3390089B279 /* BaseViewController.m in Sources */,
				8E2FB1152431A61C0094C04B /* AppDelegate.m in Sources */,
				8ED62CD92431D0140089B279 /* MainViewController.m in Sources */,
				8ED62CDC2431D34F0089B279 /* MainContainerViewController.m in Sources */,
				8E2D0D99243B049B00ECA9A9 /* MainReportTreeListViewController.m in Sources */,
				8E17FC6E2434747B0014F0EA /* ReportMainViewController.m in Sources */,
				8E2D0DA2243B32DE00ECA9A9 /* ItemTreeViewCell.m in Sources */,
				8E17FC722434806A0014F0EA /* MainReportContainerViewController.m in Sources */,
				8ED62CE02431D3CB0089B279 /* LoginViewController.m in Sources */,
				8ED62CE62431E3AF0089B279 /* ContainerBaseViewController.m in Sources */,
				8E313207243AEDE500E76C0F /* MainReportsGridViewController.m in Sources */,
			);
			runOnlyForDeploymentPostprocessing = 0;
		};
/* End PBXSourcesBuildPhase section */

/* Begin PBXVariantGroup section */
		8E2FB1192431A61C0094C04B /* Main.storyboard */ = {
			isa = PBXVariantGroup;
			children = (
				8E2FB11A2431A61C0094C04B /* Base */,
			);
			name = Main.storyboard;
			sourceTree = "<group>";
		};
		8E2FB11E2431A61D0094C04B /* LaunchScreen.storyboard */ = {
			isa = PBXVariantGroup;
			children = (
				8E2FB11F2431A61D0094C04B /* Base */,
			);
			name = LaunchScreen.storyboard;
			sourceTree = "<group>";
		};
/* End PBXVariantGroup section */

/* Begin XCBuildConfiguration section */
		8E2FB1242431A61D0094C04B /* Debug */ = {
			isa = XCBuildConfiguration;
			buildSettings = {
				ALWAYS_SEARCH_USER_PATHS = NO;
				CLANG_ANALYZER_NONNULL = YES;
				CLANG_ANALYZER_NUMBER_OBJECT_CONVERSION = YES_AGGRESSIVE;
				CLANG_CXX_LANGUAGE_STANDARD = "gnu++14";
				CLANG_CXX_LIBRARY = "libc++";
				CLANG_ENABLE_MODULES = YES;
				CLANG_ENABLE_OBJC_ARC = YES;
				CLANG_ENABLE_OBJC_WEAK = YES;
				CLANG_WARN_BLOCK_CAPTURE_AUTORELEASING = YES;
				CLANG_WARN_BOOL_CONVERSION = YES;
				CLANG_WARN_COMMA = YES;
				CLANG_WARN_CONSTANT_CONVERSION = YES;
				CLANG_WARN_DEPRECATED_OBJC_IMPLEMENTATIONS = YES;
				CLANG_WARN_DIRECT_OBJC_ISA_USAGE = YES_ERROR;
				CLANG_WARN_DOCUMENTATION_COMMENTS = YES;
				CLANG_WARN_EMPTY_BODY = YES;
				CLANG_WARN_ENUM_CONVERSION = YES;
				CLANG_WARN_INFINITE_RECURSION = YES;
				CLANG_WARN_INT_CONVERSION = YES;
				CLANG_WARN_NON_LITERAL_NULL_CONVERSION = YES;
				CLANG_WARN_OBJC_IMPLICIT_RETAIN_SELF = YES;
				CLANG_WARN_OBJC_LITERAL_CONVERSION = YES;
				CLANG_WARN_OBJC_ROOT_CLASS = YES_ERROR;
				CLANG_WARN_RANGE_LOOP_ANALYSIS = YES;
				CLANG_WARN_STRICT_PROTOTYPES = YES;
				CLANG_WARN_SUSPICIOUS_MOVE = YES;
				CLANG_WARN_UNGUARDED_AVAILABILITY = YES_AGGRESSIVE;
				CLANG_WARN_UNREACHABLE_CODE = YES;
				CLANG_WARN__DUPLICATE_METHOD_MATCH = YES;
				CODE_SIGN_IDENTITY = "iPhone Developer";
				COPY_PHASE_STRIP = NO;
				DEBUG_INFORMATION_FORMAT = dwarf;
				ENABLE_STRICT_OBJC_MSGSEND = YES;
				ENABLE_TESTABILITY = YES;
				GCC_C_LANGUAGE_STANDARD = gnu11;
				GCC_DYNAMIC_NO_PIC = NO;
				GCC_NO_COMMON_BLOCKS = YES;
				GCC_OPTIMIZATION_LEVEL = 0;
				GCC_PREPROCESSOR_DEFINITIONS = (
					"DEBUG=1",
					"$(inherited)",
				);
				GCC_WARN_64_TO_32_BIT_CONVERSION = YES;
				GCC_WARN_ABOUT_RETURN_TYPE = YES_ERROR;
				GCC_WARN_UNDECLARED_SELECTOR = YES;
				GCC_WARN_UNINITIALIZED_AUTOS = YES_AGGRESSIVE;
				GCC_WARN_UNUSED_FUNCTION = YES;
				GCC_WARN_UNUSED_VARIABLE = YES;
				IPHONEOS_DEPLOYMENT_TARGET = 12.1;
				MTL_ENABLE_DEBUG_INFO = INCLUDE_SOURCE;
				MTL_FAST_MATH = YES;
				ONLY_ACTIVE_ARCH = YES;
				SDKROOT = iphoneos;
			};
			name = Debug;
		};
		8E2FB1252431A61D0094C04B /* Release */ = {
			isa = XCBuildConfiguration;
			buildSettings = {
				ALWAYS_SEARCH_USER_PATHS = NO;
				CLANG_ANALYZER_NONNULL = YES;
				CLANG_ANALYZER_NUMBER_OBJECT_CONVERSION = YES_AGGRESSIVE;
				CLANG_CXX_LANGUAGE_STANDARD = "gnu++14";
				CLANG_CXX_LIBRARY = "libc++";
				CLANG_ENABLE_MODULES = YES;
				CLANG_ENABLE_OBJC_ARC = YES;
				CLANG_ENABLE_OBJC_WEAK = YES;
				CLANG_WARN_BLOCK_CAPTURE_AUTORELEASING = YES;
				CLANG_WARN_BOOL_CONVERSION = YES;
				CLANG_WARN_COMMA = YES;
				CLANG_WARN_CONSTANT_CONVERSION = YES;
				CLANG_WARN_DEPRECATED_OBJC_IMPLEMENTATIONS = YES;
				CLANG_WARN_DIRECT_OBJC_ISA_USAGE = YES_ERROR;
				CLANG_WARN_DOCUMENTATION_COMMENTS = YES;
				CLANG_WARN_EMPTY_BODY = YES;
				CLANG_WARN_ENUM_CONVERSION = YES;
				CLANG_WARN_INFINITE_RECURSION = YES;
				CLANG_WARN_INT_CONVERSION = YES;
				CLANG_WARN_NON_LITERAL_NULL_CONVERSION = YES;
				CLANG_WARN_OBJC_IMPLICIT_RETAIN_SELF = YES;
				CLANG_WARN_OBJC_LITERAL_CONVERSION = YES;
				CLANG_WARN_OBJC_ROOT_CLASS = YES_ERROR;
				CLANG_WARN_RANGE_LOOP_ANALYSIS = YES;
				CLANG_WARN_STRICT_PROTOTYPES = YES;
				CLANG_WARN_SUSPICIOUS_MOVE = YES;
				CLANG_WARN_UNGUARDED_AVAILABILITY = YES_AGGRESSIVE;
				CLANG_WARN_UNREACHABLE_CODE = YES;
				CLANG_WARN__DUPLICATE_METHOD_MATCH = YES;
				CODE_SIGN_IDENTITY = "iPhone Developer";
				COPY_PHASE_STRIP = NO;
				DEBUG_INFORMATION_FORMAT = "dwarf-with-dsym";
				ENABLE_NS_ASSERTIONS = NO;
				ENABLE_STRICT_OBJC_MSGSEND = YES;
				GCC_C_LANGUAGE_STANDARD = gnu11;
				GCC_NO_COMMON_BLOCKS = YES;
				GCC_WARN_64_TO_32_BIT_CONVERSION = YES;
				GCC_WARN_ABOUT_RETURN_TYPE = YES_ERROR;
				GCC_WARN_UNDECLARED_SELECTOR = YES;
				GCC_WARN_UNINITIALIZED_AUTOS = YES_AGGRESSIVE;
				GCC_WARN_UNUSED_FUNCTION = YES;
				GCC_WARN_UNUSED_VARIABLE = YES;
				IPHONEOS_DEPLOYMENT_TARGET = 12.1;
				MTL_ENABLE_DEBUG_INFO = NO;
				MTL_FAST_MATH = YES;
				SDKROOT = iphoneos;
				VALIDATE_PRODUCT = YES;
			};
			name = Release;
		};
		8E2FB1272431A61D0094C04B /* Debug */ = {
			isa = XCBuildConfiguration;
			buildSettings = {
				ASSETCATALOG_COMPILER_APPICON_NAME = AppIcon;
				CODE_SIGN_STYLE = Automatic;
				INFOPLIST_FILE = ReportProject/Info.plist;
				LD_RUNPATH_SEARCH_PATHS = (
					"$(inherited)",
					"@executable_path/Frameworks",
				);
				PRODUCT_BUNDLE_IDENTIFIER = Arthur.ReportProject;
				PRODUCT_NAME = "$(TARGET_NAME)";
				TARGETED_DEVICE_FAMILY = "1,2";
			};
			name = Debug;
		};
		8E2FB1282431A61D0094C04B /* Release */ = {
			isa = XCBuildConfiguration;
			buildSettings = {
				ASSETCATALOG_COMPILER_APPICON_NAME = AppIcon;
				CODE_SIGN_STYLE = Automatic;
				INFOPLIST_FILE = ReportProject/Info.plist;
				LD_RUNPATH_SEARCH_PATHS = (
					"$(inherited)",
					"@executable_path/Frameworks",
				);
				PRODUCT_BUNDLE_IDENTIFIER = Arthur.ReportProject;
				PRODUCT_NAME = "$(TARGET_NAME)";
				TARGETED_DEVICE_FAMILY = "1,2";
			};
			name = Release;
		};
/* End XCBuildConfiguration section */

/* Begin XCConfigurationList section */
		8E2FB10B2431A61C0094C04B /* Build configuration list for PBXProject "ReportProject" */ = {
			isa = XCConfigurationList;
			buildConfigurations = (
				8E2FB1242431A61D0094C04B /* Debug */,
				8E2FB1252431A61D0094C04B /* Release */,
			);
			defaultConfigurationIsVisible = 0;
			defaultConfigurationName = Release;
		};
		8E2FB1262431A61D0094C04B /* Build configuration list for PBXNativeTarget "ReportProject" */ = {
			isa = XCConfigurationList;
			buildConfigurations = (
				8E2FB1272431A61D0094C04B /* Debug */,
				8E2FB1282431A61D0094C04B /* Release */,
			);
			defaultConfigurationIsVisible = 0;
			defaultConfigurationName = Release;
		};
/* End XCConfigurationList section */
	};
	rootObject = 8E2FB1082431A61C0094C04B /* Project object */;
}
